# This file is automatically @generated by Cargo.
# It is not intended for manual editing.
[[package]]
name = "arbitrary"
version = "0.1.1"
source = "registry+https://github.com/rust-lang/crates.io-index"

[[package]]
name = "cc"
version = "1.0.46"
source = "registry+https://github.com/rust-lang/crates.io-index"

[[package]]
name = "libfuzzer-sys"
version = "0.1.0"
source = "git+https://github.com/rust-fuzz/libfuzzer-sys.git#4ad88ec54fa2e7a0c877b6477cc86ea0de14a90d"
dependencies = [
 "arbitrary 0.1.1 (registry+https://github.com/rust-lang/crates.io-index)",
 "cc 1.0.46 (registry+https://github.com/rust-lang/crates.io-index)",
]

[[package]]
name = "sponge-preview"
version = "0.1.0"

[[package]]
name = "sponge-preview-fuzz"
version = "0.0.0"
dependencies = [
 "libfuzzer-sys 0.1.0 (git+https://github.com/rust-fuzz/libfuzzer-sys.git)",
 "sponge-preview 0.1.0",
]

[metadata]
"checksum arbitrary 0.1.1 (registry+https://github.com/rust-lang/crates.io-index)" = "6c7d1523aa3a127adf8b27af2404c03c12825b4c4d0698f01648d63fa9df62ee"
"checksum cc 1.0.46 (registry+https://github.com/rust-lang/crates.io-index)" = "0213d356d3c4ea2c18c40b037c3be23cd639825c18f25ee670ac7813beeef99c"
"checksum libfuzzer-sys 0.1.0 (git+https://github.com/rust-fuzz/libfuzzer-sys.git)" = "<none>"
